// !$*UTF8*$!
{
	archiveVersion = 1;
	classes = {
	};
	objectVersion = 55;
	objects = {

/* Begin PBXBuildFile section */
		5C01D05A2875A5780031A844 /* AppDelegate.swift in Sources */ = {isa = PBXBuildFile; fileRef = 5C01D0592875A5780031A844 /* AppDelegate.swift */; };
		5C01D05C2875A5780031A844 /* SceneDelegate.swift in Sources */ = {isa = PBXBuildFile; fileRef = 5C01D05B2875A5780031A844 /* SceneDelegate.swift */; };
		5C01D05E2875A5780031A844 /* ViewController.swift in Sources */ = {isa = PBXBuildFile; fileRef = 5C01D05D2875A5780031A844 /* ViewController.swift */; };
		5C01D0612875A5790031A844 /* Main.storyboard in Resources */ = {isa = PBXBuildFile; fileRef = 5C01D05F2875A5790031A844 /* Main.storyboard */; };
		5C01D0632875A5790031A844 /* Assets.xcassets in Resources */ = {isa = PBXBuildFile; fileRef = 5C01D0622875A5790031A844 /* Assets.xcassets */; };
		5C01D0662875A5790031A844 /* LaunchScreen.storyboard in Resources */ = {isa = PBXBuildFile; fileRef = 5C01D0642875A5790031A844 /* LaunchScreen.storyboard */; };
		5C01D0712875A5790031A844 /* Netology_IB_InstrumentsTests.swift in Sources */ = {isa = PBXBuildFile; fileRef = 5C01D0702875A5790031A844 /* Netology_IB_InstrumentsTests.swift */; };
		5C01D07B2875A5790031A844 /* Netology_IB_InstrumentsUITests.swift in Sources */ = {isa = PBXBuildFile; fileRef = 5C01D07A2875A5790031A844 /* Netology_IB_InstrumentsUITests.swift */; };
		5C01D07D2875A5790031A844 /* Netology_IB_InstrumentsUITestsLaunchTests.swift in Sources */ = {isa = PBXBuildFile; fileRef = 5C01D07C2875A5790031A844 /* Netology_IB_InstrumentsUITestsLaunchTests.swift */; };
		5C01D08A2875A6170031A844 /* ProfileView.xib in Resources */ = {isa = PBXBuildFile; fileRef = 5C01D0892875A6170031A844 /* ProfileView.xib */; };
		5C01D08C2875A64D0031A844 /* ProfileView.swift in Sources */ = {isa = PBXBuildFile; fileRef = 5C01D08B2875A64D0031A844 /* ProfileView.swift */; };
		5C01D08E2877485E0031A844 /* Profile.storyboard in Resources */ = {isa = PBXBuildFile; fileRef = 5C01D08D2877485E0031A844 /* Profile.storyboard */; };
		5C01D090287748730031A844 /* ProfileViewController.swift in Sources */ = {isa = PBXBuildFile; fileRef = 5C01D08F287748730031A844 /* ProfileViewController.swift */; };
/* End PBXBuildFile section */

/* Begin PBXContainerItemProxy section */
		5C01D06D2875A5790031A844 /* PBXContainerItemProxy */ = {
			isa = PBXContainerItemProxy;
			containerPortal = 5C01D04E2875A5780031A844 /* Project object */;
			proxyType = 1;
			remoteGlobalIDString = 5C01D0552875A5780031A844;
			remoteInfo = Netology_IB_Instruments;
		};
		5C01D0772875A5790031A844 /* PBXContainerItemProxy */ = {
			isa = PBXContainerItemProxy;
			containerPortal = 5C01D04E2875A5780031A844 /* Project object */;
			proxyType = 1;
			remoteGlobalIDString = 5C01D0552875A5780031A844;
			remoteInfo = Netology_IB_Instruments;
		};
/* End PBXContainerItemProxy section */

/* Begin PBXFileReference section */
		5C01D0562875A5780031A844 /* Netology_IB_Instruments.app */ = {isa = PBXFileReference; explicitFileType = wrapper.application; includeInIndex = 0; path = Netology_IB_Instruments.app; sourceTree = BUILT_PRODUCTS_DIR; };
		5C01D0592875A5780031A844 /* AppDelegate.swift */ = {isa = PBXFileReference; lastKnownFileType = sourcecode.swift; path = AppDelegate.swift; sourceTree = "<group>"; };
		5C01D05B2875A5780031A844 /* SceneDelegate.swift */ = {isa = PBXFileReference; lastKnownFileType = sourcecode.swift; path = SceneDelegate.swift; sourceTree = "<group>"; };
		5C01D05D2875A5780031A844 /* ViewController.swift */ = {isa = PBXFileReference; lastKnownFileType = sourcecode.swift; path = ViewController.swift; sourceTree = "<group>"; };
		5C01D0602875A5790031A844 /* Base */ = {isa = PBXFileReference; lastKnownFileType = file.storyboard; name = Base; path = Base.lproj/Main.storyboard; sourceTree = "<group>"; };
		5C01D0622875A5790031A844 /* Assets.xcassets */ = {isa = PBXFileReference; lastKnownFileType = folder.assetcatalog; path = Assets.xcassets; sourceTree = "<group>"; };
		5C01D0652875A5790031A844 /* Base */ = {isa = PBXFileReference; lastKnownFileType = file.storyboard; name = Base; path = Base.lproj/LaunchScreen.storyboard; sourceTree = "<group>"; };
		5C01D0672875A5790031A844 /* Info.plist */ = {isa = PBXFileReference; lastKnownFileType = text.plist.xml; path = Info.plist; sourceTree = "<group>"; };
		5C01D06C2875A5790031A844 /* Netology_IB_InstrumentsTests.xctest */ = {isa = PBXFileReference; explicitFileType = wrapper.cfbundle; includeInIndex = 0; path = Netology_IB_InstrumentsTests.xctest; sourceTree = BUILT_PRODUCTS_DIR; };
		5C01D0702875A5790031A844 /* Netology_IB_InstrumentsTests.swift */ = {isa = PBXFileReference; lastKnownFileType = sourcecode.swift; path = Netology_IB_InstrumentsTests.swift; sourceTree = "<group>"; };
		5C01D0762875A5790031A844 /* Netology_IB_InstrumentsUITests.xctest */ = {isa = PBXFileReference; explicitFileType = wrapper.cfbundle; includeInIndex = 0; path = Netology_IB_InstrumentsUITests.xctest; sourceTree = BUILT_PRODUCTS_DIR; };
		5C01D07A2875A5790031A844 /* Netology_IB_InstrumentsUITests.swift */ = {isa = PBXFileReference; lastKnownFileType = sourcecode.swift; path = Netology_IB_InstrumentsUITests.swift; sourceTree = "<group>"; };
		5C01D07C2875A5790031A844 /* Netology_IB_InstrumentsUITestsLaunchTests.swift */ = {isa = PBXFileReference; lastKnownFileType = sourcecode.swift; path = Netology_IB_InstrumentsUITestsLaunchTests.swift; sourceTree = "<group>"; };
		5C01D0892875A6170031A844 /* ProfileView.xib */ = {isa = PBXFileReference; lastKnownFileType = file.xib; path = ProfileView.xib; sourceTree = "<group>"; };
		5C01D08B2875A64D0031A844 /* ProfileView.swift */ = {isa = PBXFileReference; lastKnownFileType = sourcecode.swift; path = ProfileView.swift; sourceTree = "<group>"; };
		5C01D08D2877485E0031A844 /* Profile.storyboard */ = {isa = PBXFileReference; lastKnownFileType = file.storyboard; path = Profile.storyboard; sourceTree = "<group>"; };
		5C01D08F287748730031A844 /* ProfileViewController.swift */ = {isa = PBXFileReference; lastKnownFileType = sourcecode.swift; path = ProfileViewController.swift; sourceTree = "<group>"; };
/* End PBXFileReference section */

/* Begin PBXFrameworksBuildPhase section */
		5C01D0532875A5780031A844 /* Frameworks */ = {
			isa = PBXFrameworksBuildPhase;
			buildActionMask = 2147483647;
			files = (
			);
			runOnlyForDeploymentPostprocessing = 0;
		};
		5C01D0692875A5790031A844 /* Frameworks */ = {
			isa = PBXFrameworksBuildPhase;
			buildActionMask = 2147483647;
			files = (
			);
			runOnlyForDeploymentPostprocessing = 0;
		};
		5C01D0732875A5790031A844 /* Frameworks */ = {
			isa = PBXFrameworksBuildPhase;
			buildActionMask = 2147483647;
			files = (
			);
			runOnlyForDeploymentPostprocessing = 0;
		};
/* End PBXFrameworksBuildPhase section */

/* Begin PBXGroup section */
		5C01D04D2875A5780031A844 = {
			isa = PBXGroup;
			children = (
				5C01D0582875A5780031A844 /* Netology_IB_Instruments */,
				5C01D06F2875A5790031A844 /* Netology_IB_InstrumentsTests */,
				5C01D0792875A5790031A844 /* Netology_IB_InstrumentsUITests */,
				5C01D0572875A5780031A844 /* Products */,
			);
			sourceTree = "<group>";
		};
		5C01D0572875A5780031A844 /* Products */ = {
			isa = PBXGroup;
			children = (
				5C01D0562875A5780031A844 /* Netology_IB_Instruments.app */,
				5C01D06C2875A5790031A844 /* Netology_IB_InstrumentsTests.xctest */,
				5C01D0762875A5790031A844 /* Netology_IB_InstrumentsUITests.xctest */,
			);
			name = Products;
			sourceTree = "<group>";
		};
		5C01D0582875A5780031A844 /* Netology_IB_Instruments */ = {
			isa = PBXGroup;
			children = (
				5C01D0592875A5780031A844 /* AppDelegate.swift */,
				5C01D05B2875A5780031A844 /* SceneDelegate.swift */,
				5C01D05D2875A5780031A844 /* ViewController.swift */,
				5C01D05F2875A5790031A844 /* Main.storyboard */,
				5C01D0892875A6170031A844 /* ProfileView.xib */,
				5C01D08B2875A64D0031A844 /* ProfileView.swift */,
				5C01D08D2877485E0031A844 /* Profile.storyboard */,
				5C01D08F287748730031A844 /* ProfileViewController.swift */,
				5C01D0642875A5790031A844 /* LaunchScreen.storyboard */,
				5C01D0672875A5790031A844 /* Info.plist */,
				5C01D0622875A5790031A844 /* Assets.xcassets */,
			);
			path = Netology_IB_Instruments;
			sourceTree = "<group>";
		};
		5C01D06F2875A5790031A844 /* Netology_IB_InstrumentsTests */ = {
			isa = PBXGroup;
			children = (
				5C01D0702875A5790031A844 /* Netology_IB_InstrumentsTests.swift */,
			);
			path = Netology_IB_InstrumentsTests;
			sourceTree = "<group>";
		};
		5C01D0792875A5790031A844 /* Netology_IB_InstrumentsUITests */ = {
			isa = PBXGroup;
			children = (
				5C01D07A2875A5790031A844 /* Netology_IB_InstrumentsUITests.swift */,
				5C01D07C2875A5790031A844 /* Netology_IB_InstrumentsUITestsLaunchTests.swift */,
			);
			path = Netology_IB_InstrumentsUITests;
			sourceTree = "<group>";
		};
/* End PBXGroup section */

/* Begin PBXNativeTarget section */
		5C01D0552875A5780031A844 /* Netology_IB_Instruments */ = {
			isa = PBXNativeTarget;
			buildConfigurationList = 5C01D0802875A5790031A844 /* Build configuration list for PBXNativeTarget "Netology_IB_Instruments" */;
			buildPhases = (
				5C01D0522875A5780031A844 /* Sources */,
				5C01D0532875A5780031A844 /* Frameworks */,
				5C01D0542875A5780031A844 /* Resources */,
			);
			buildRules = (
			);
			dependencies = (
			);
			name = Netology_IB_Instruments;
			productName = Netology_IB_Instruments;
			productReference = 5C01D0562875A5780031A844 /* Netology_IB_Instruments.app */;
			productType = "com.apple.product-type.application";
		};
		5C01D06B2875A5790031A844 /* Netology_IB_InstrumentsTests */ = {
			isa = PBXNativeTarget;
			buildConfigurationList = 5C01D0832875A5790031A844 /* Build configuration list for PBXNativeTarget "Netology_IB_InstrumentsTests" */;
			buildPhases = (
				5C01D0682875A5790031A844 /* Sources */,
				5C01D0692875A5790031A844 /* Frameworks */,
				5C01D06A2875A5790031A844 /* Resources */,
			);
			buildRules = (
			);
			dependencies = (
				5C01D06E2875A5790031A844 /* PBXTargetDependency */,
			);
			name = Netology_IB_InstrumentsTests;
			productName = Netology_IB_InstrumentsTests;
			productReference = 5C01D06C2875A5790031A844 /* Netology_IB_InstrumentsTests.xctest */;
			productType = "com.apple.product-type.bundle.unit-test";
		};
		5C01D0752875A5790031A844 /* Netology_IB_InstrumentsUITests */ = {
			isa = PBXNativeTarget;
			buildConfigurationList = 5C01D0862875A5790031A844 /* Build configuration list for PBXNativeTarget "Netology_IB_InstrumentsUITests" */;
			buildPhases = (
				5C01D0722875A5790031A844 /* Sources */,
				5C01D0732875A5790031A844 /* Frameworks */,
				5C01D0742875A5790031A844 /* Resources */,
			);
			buildRules = (
			);
			dependencies = (
				5C01D0782875A5790031A844 /* PBXTargetDependency */,
			);
			name = Netology_IB_InstrumentsUITests;
			productName = Netology_IB_InstrumentsUITests;
			productReference = 5C01D0762875A5790031A844 /* Netology_IB_InstrumentsUITests.xctest */;
			productType = "com.apple.product-type.bundle.ui-testing";
		};
/* End PBXNativeTarget section */

/* Begin PBXProject section */
		5C01D04E2875A5780031A844 /* Project object */ = {
			isa = PBXProject;
			attributes = {
				BuildIndependentTargetsInParallel = 1;
				LastSwiftUpdateCheck = 1340;
				LastUpgradeCheck = 1340;
				TargetAttributes = {
					5C01D0552875A5780031A844 = {
						CreatedOnToolsVersion = 13.4.1;
					};
					5C01D06B2875A5790031A844 = {
						CreatedOnToolsVersion = 13.4.1;
						TestTargetID = 5C01D0552875A5780031A844;
					};
					5C01D0752875A5790031A844 = {
						CreatedOnToolsVersion = 13.4.1;
						TestTargetID = 5C01D0552875A5780031A844;
					};
				};
			};
			buildConfigurationList = 5C01D0512875A5780031A844 /* Build configuration list for PBXProject "Netology_IB_Instruments" */;
			compatibilityVersion = "Xcode 13.0";
			developmentRegion = en;
			hasScannedForEncodings = 0;
			knownRegions = (
				en,
				Base,
			);
			mainGroup = 5C01D04D2875A5780031A844;
			productRefGroup = 5C01D0572875A5780031A844 /* Products */;
			projectDirPath = "";
			projectRoot = "";
			targets = (
				5C01D0552875A5780031A844 /* Netology_IB_Instruments */,
				5C01D06B2875A5790031A844 /* Netology_IB_InstrumentsTests */,
				5C01D0752875A5790031A844 /* Netology_IB_InstrumentsUITests */,
			);
		};
/* End PBXProject section */

/* Begin PBXResourcesBuildPhase section */
		5C01D0542875A5780031A844 /* Resources */ = {
			isa = PBXResourcesBuildPhase;
			buildActionMask = 2147483647;
			files = (
				5C01D08A2875A6170031A844 /* ProfileView.xib in Resources */,
				5C01D0662875A5790031A844 /* LaunchScreen.storyboard in Resources */,
				5C01D08E2877485E0031A844 /* Profile.storyboard in Resources */,
				5C01D0632875A5790031A844 /* Assets.xcassets in Resources */,
				5C01D0612875A5790031A844 /* Main.storyboard in Resources */,
			);
			runOnlyForDeploymentPostprocessing = 0;
		};
		5C01D06A2875A5790031A844 /* Resources */ = {
			isa = PBXResourcesBuildPhase;
			buildActionMask = 2147483647;
			files = (
			);
			runOnlyForDeploymentPostprocessing = 0;
		};
		5C01D0742875A5790031A844 /* Resources */ = {
			isa = PBXResourcesBuildPhase;
			buildActionMask = 2147483647;
			files = (
			);
			runOnlyForDeploymentPostprocessing = 0;
		};
/* End PBXResourcesBuildPhase section */

/* Begin PBXSourcesBuildPhase section */
		5C01D0522875A5780031A844 /* Sources */ = {
			isa = PBXSourcesBuildPhase;
			buildActionMask = 2147483647;
			files = (
				5C01D08C2875A64D0031A844 /* ProfileView.swift in Sources */,
				5C01D05E2875A5780031A844 /* ViewController.swift in Sources */,
				5C01D090287748730031A844 /* ProfileViewController.swift in Sources */,
				5C01D05A2875A5780031A844 /* AppDelegate.swift in Sources */,
				5C01D05C2875A5780031A844 /* SceneDelegate.swift in Sources */,
			);
			runOnlyForDeploymentPostprocessing = 0;
		};
		5C01D0682875A5790031A844 /* Sources */ = {
			isa = PBXSourcesBuildPhase;
			buildActionMask = 2147483647;
			files = (
				5C01D0712875A5790031A844 /* Netology_IB_InstrumentsTests.swift in Sources */,
			);
			runOnlyForDeploymentPostprocessing = 0;
		};
		5C01D0722875A5790031A844 /* Sources */ = {
			isa = PBXSourcesBuildPhase;
			buildActionMask = 2147483647;
			files = (
				5C01D07B2875A5790031A844 /* Netology_IB_InstrumentsUITests.swift in Sources */,
				5C01D07D2875A5790031A844 /* Netology_IB_InstrumentsUITestsLaunchTests.swift in Sources */,
			);
			runOnlyForDeploymentPostprocessing = 0;
		};
/* End PBXSourcesBuildPhase section */

/* Begin PBXTargetDependency section */
		5C01D06E2875A5790031A844 /* PBXTargetDependency */ = {
			isa = PBXTargetDependency;
			target = 5C01D0552875A5780031A844 /* Netology_IB_Instruments */;
			targetProxy = 5C01D06D2875A5790031A844 /* PBXContainerItemProxy */;
		};
		5C01D0782875A5790031A844 /* PBXTargetDependency */ = {
			isa = PBXTargetDependency;
			target = 5C01D0552875A5780031A844 /* Netology_IB_Instruments */;
			targetProxy = 5C01D0772875A5790031A844 /* PBXContainerItemProxy */;
		};
/* End PBXTargetDependency section */

/* Begin PBXVariantGroup section */
		5C01D05F2875A5790031A844 /* Main.storyboard */ = {
			isa = PBXVariantGroup;
			children = (
				5C01D0602875A5790031A844 /* Base */,
			);
			name = Main.storyboard;
			sourceTree = "<group>";
		};
		5C01D0642875A5790031A844 /* LaunchScreen.storyboard */ = {
			isa = PBXVariantGroup;
			children = (
				5C01D0652875A5790031A844 /* Base */,
			);
			name = LaunchScreen.storyboard;
			sourceTree = "<group>";
		};
/* End PBXVariantGroup section */

/* Begin XCBuildConfiguration section */
		5C01D07E2875A5790031A844 /* Debug */ = {
			isa = XCBuildConfiguration;
			buildSettings = {
				ALWAYS_SEARCH_USER_PATHS = NO;
				CLANG_ANALYZER_NONNULL = YES;
				CLANG_ANALYZER_NUMBER_OBJECT_CONVERSION = YES_AGGRESSIVE;
				CLANG_CXX_LANGUAGE_STANDARD = "gnu++17";
				CLANG_ENABLE_MODULES = YES;
				CLANG_ENABLE_OBJC_ARC = YES;
				CLANG_ENABLE_OBJC_WEAK = YES;
				CLANG_WARN_BLOCK_CAPTURE_AUTORELEASING = YES;
				CLANG_WARN_BOOL_CONVERSION = YES;
				CLANG_WARN_COMMA = YES;
				CLANG_WARN_CONSTANT_CONVERSION = YES;
				CLANG_WARN_DEPRECATED_OBJC_IMPLEMENTATIONS = YES;
				CLANG_WARN_DIRECT_OBJC_ISA_USAGE = YES_ERROR;
				CLANG_WARN_DOCUMENTATION_COMMENTS = YES;
				CLANG_WARN_EMPTY_BODY = YES;
				CLANG_WARN_ENUM_CONVERSION = YES;
				CLANG_WARN_INFINITE_RECURSION = YES;
				CLANG_WARN_INT_CONVERSION = YES;
				CLANG_WARN_NON_LITERAL_NULL_CONVERSION = YES;
				CLANG_WARN_OBJC_IMPLICIT_RETAIN_SELF = YES;
				CLANG_WARN_OBJC_LITERAL_CONVERSION = YES;
				CLANG_WARN_OBJC_ROOT_CLASS = YES_ERROR;
				CLANG_WARN_QUOTED_INCLUDE_IN_FRAMEWORK_HEADER = YES;
				CLANG_WARN_RANGE_LOOP_ANALYSIS = YES;
				CLANG_WARN_STRICT_PROTOTYPES = YES;
				CLANG_WARN_SUSPICIOUS_MOVE = YES;
				CLANG_WARN_UNGUARDED_AVAILABILITY = YES_AGGRESSIVE;
				CLANG_WARN_UNREACHABLE_CODE = YES;
				CLANG_WARN__DUPLICATE_METHOD_MATCH = YES;
				COPY_PHASE_STRIP = NO;
				DEBUG_INFORMATION_FORMAT = dwarf;
				ENABLE_STRICT_OBJC_MSGSEND = YES;
				ENABLE_TESTABILITY = YES;
				GCC_C_LANGUAGE_STANDARD = gnu11;
				GCC_DYNAMIC_NO_PIC = NO;
				GCC_NO_COMMON_BLOCKS = YES;
				GCC_OPTIMIZATION_LEVEL = 0;
				GCC_PREPROCESSOR_DEFINITIONS = (
					"DEBUG=1",
					"$(inherited)",
				);
				GCC_WARN_64_TO_32_BIT_CONVERSION = YES;
				GCC_WARN_ABOUT_RETURN_TYPE = YES_ERROR;
				GCC_WARN_UNDECLARED_SELECTOR = YES;
				GCC_WARN_UNINITIALIZED_AUTOS = YES_AGGRESSIVE;
				GCC_WARN_UNUSED_FUNCTION = YES;
				GCC_WARN_UNUSED_VARIABLE = YES;
				IPHONEOS_DEPLOYMENT_TARGET = 15.5;
				MTL_ENABLE_DEBUG_INFO = INCLUDE_SOURCE;
				MTL_FAST_MATH = YES;
				ONLY_ACTIVE_ARCH = YES;
				SDKROOT = iphoneos;
				SWIFT_ACTIVE_COMPILATION_CONDITIONS = DEBUG;
				SWIFT_OPTIMIZATION_LEVEL = "-Onone";
			};
			name = Debug;
		};
		5C01D07F2875A5790031A844 /* Release */ = {
			isa = XCBuildConfiguration;
			buildSettings = {
				ALWAYS_SEARCH_USER_PATHS = NO;
				CLANG_ANALYZER_NONNULL = YES;
				CLANG_ANALYZER_NUMBER_OBJECT_CONVERSION = YES_AGGRESSIVE;
				CLANG_CXX_LANGUAGE_STANDARD = "gnu++17";
				CLANG_ENABLE_MODULES = YES;
				CLANG_ENABLE_OBJC_ARC = YES;
				CLANG_ENABLE_OBJC_WEAK = YES;
				CLANG_WARN_BLOCK_CAPTURE_AUTORELEASING = YES;
				CLANG_WARN_BOOL_CONVERSION = YES;
				CLANG_WARN_COMMA = YES;
				CLANG_WARN_CONSTANT_CONVERSION = YES;
				CLANG_WARN_DEPRECATED_OBJC_IMPLEMENTATIONS = YES;
				CLANG_WARN_DIRECT_OBJC_ISA_USAGE = YES_ERROR;
				CLANG_WARN_DOCUMENTATION_COMMENTS = YES;
				CLANG_WARN_EMPTY_BODY = YES;
				CLANG_WARN_ENUM_CONVERSION = YES;
				CLANG_WARN_INFINITE_RECURSION = YES;
				CLANG_WARN_INT_CONVERSION = YES;
				CLANG_WARN_NON_LITERAL_NULL_CONVERSION = YES;
				CLANG_WARN_OBJC_IMPLICIT_RETAIN_SELF = YES;
				CLANG_WARN_OBJC_LITERAL_CONVERSION = YES;
				CLANG_WARN_OBJC_ROOT_CLASS = YES_ERROR;
				CLANG_WARN_QUOTED_INCLUDE_IN_FRAMEWORK_HEADER = YES;
				CLANG_WARN_RANGE_LOOP_ANALYSIS = YES;
				CLANG_WARN_STRICT_PROTOTYPES = YES;
				CLANG_WARN_SUSPICIOUS_MOVE = YES;
				CLANG_WARN_UNGUARDED_AVAILABILITY = YES_AGGRESSIVE;
				CLANG_WARN_UNREACHABLE_CODE = YES;
				CLANG_WARN__DUPLICATE_METHOD_MATCH = YES;
				COPY_PHASE_STRIP = NO;
				DEBUG_INFORMATION_FORMAT = "dwarf-with-dsym";
				ENABLE_NS_ASSERTIONS = NO;
				ENABLE_STRICT_OBJC_MSGSEND = YES;
				GCC_C_LANGUAGE_STANDARD = gnu11;
				GCC_NO_COMMON_BLOCKS = YES;
				GCC_WARN_64_TO_32_BIT_CONVERSION = YES;
				GCC_WARN_ABOUT_RETURN_TYPE = YES_ERROR;
				GCC_WARN_UNDECLARED_SELECTOR = YES;
				GCC_WARN_UNINITIALIZED_AUTOS = YES_AGGRESSIVE;
				GCC_WARN_UNUSED_FUNCTION = YES;
				GCC_WARN_UNUSED_VARIABLE = YES;
				IPHONEOS_DEPLOYMENT_TARGET = 15.5;
				MTL_ENABLE_DEBUG_INFO = NO;
				MTL_FAST_MATH = YES;
				SDKROOT = iphoneos;
				SWIFT_COMPILATION_MODE = wholemodule;
				SWIFT_OPTIMIZATION_LEVEL = "-O";
				VALIDATE_PRODUCT = YES;
			};
			name = Release;
		};
		5C01D0812875A5790031A844 /* Debug */ = {
			isa = XCBuildConfiguration;
			buildSettings = {
				ASSETCATALOG_COMPILER_APPICON_NAME = AppIcon;
				ASSETCATALOG_COMPILER_GLOBAL_ACCENT_COLOR_NAME = AccentColor;
				CODE_SIGN_STYLE = Automatic;
				CURRENT_PROJECT_VERSION = 1;
				GENERATE_INFOPLIST_FILE = YES;
				INFOPLIST_FILE = Netology_IB_Instruments/Info.plist;
				INFOPLIST_KEY_UIApplicationSupportsIndirectInputEvents = YES;
				INFOPLIST_KEY_UILaunchStoryboardName = LaunchScreen;
				INFOPLIST_KEY_UIMainStoryboardFile = Profile;
				INFOPLIST_KEY_UISupportedInterfaceOrientations = "";
				INFOPLIST_KEY_UISupportedInterfaceOrientations_iPad = "UIInterfaceOrientationPortrait UIInterfaceOrientationPortraitUpsideDown UIInterfaceOrientationLandscapeLeft UIInterfaceOrientationLandscapeRight";
				INFOPLIST_KEY_UISupportedInterfaceOrientations_iPhone = "UIInterfaceOrientationPortrait UIInterfaceOrientationLandscapeLeft UIInterfaceOrientationLandscapeRight";
				LD_RUNPATH_SEARCH_PATHS = (
					"$(inherited)",
					"@executable_path/Frameworks",
				);
				MARKETING_VERSION = 1.0;
				PRODUCT_BUNDLE_IDENTIFIER = "poletaev.Netology-IB-Instruments";
				PRODUCT_NAME = "$(TARGET_NAME)";
				SWIFT_EMIT_LOC_STRINGS = YES;
				SWIFT_VERSION = 5.0;
				TARGETED_DEVICE_FAMILY = "1,2";
			};
			name = Debug;
		};
		5C01D0822875A5790031A844 /* Release */ = {
			isa = XCBuildConfiguration;
			buildSettings = {
				ASSETCATALOG_COMPILER_APPICON_NAME = AppIcon;
				ASSETCATALOG_COMPILER_GLOBAL_ACCENT_COLOR_NAME = AccentColor;
				CODE_SIGN_STYLE = Automatic;
				CURRENT_PROJECT_VERSION = 1;
				GENERATE_INFOPLIST_FILE = YES;
				INFOPLIST_FILE = Netology_IB_Instruments/Info.plist;
				INFOPLIST_KEY_UIApplicationSupportsIndirectInputEvents = YES;
				INFOPLIST_KEY_UILaunchStoryboardName = LaunchScreen;
				INFOPLIST_KEY_UIMainStoryboardFile = Profile;
				INFOPLIST_KEY_UISupportedInterfaceOrientations = "";
				INFOPLIST_KEY_UISupportedInterfaceOrientations_iPad = "UIInterfaceOrientationPortrait UIInterfaceOrientationPortraitUpsideDown UIInterfaceOrientationLandscapeLeft UIInterfaceOrientationLandscapeRight";
				INFOPLIST_KEY_UISupportedInterfaceOrientations_iPhone = "UIInterfaceOrientationPortrait UIInterfaceOrientationLandscapeLeft UIInterfaceOrientationLandscapeRight";
				LD_RUNPATH_SEARCH_PATHS = (
					"$(inherited)",
					"@executable_path/Frameworks",
				);
				MARKETING_VERSION = 1.0;
				PRODUCT_BUNDLE_IDENTIFIER = "poletaev.Netology-IB-Instruments";
				PRODUCT_NAME = "$(TARGET_NAME)";
				SWIFT_EMIT_LOC_STRINGS = YES;
				SWIFT_VERSION = 5.0;
				TARGETED_DEVICE_FAMILY = "1,2";
			};
			name = Release;
		};
		5C01D0842875A5790031A844 /* Debug */ = {
			isa = XCBuildConfiguration;
			buildSettings = {
				ALWAYS_EMBED_SWIFT_STANDARD_LIBRARIES = YES;
				BUNDLE_LOADER = "$(TEST_HOST)";
				CODE_SIGN_STYLE = Automatic;
				CURRENT_PROJECT_VERSION = 1;
				GENERATE_INFOPLIST_FILE = YES;
				IPHONEOS_DEPLOYMENT_TARGET = 15.5;
				MARKETING_VERSION = 1.0;
				PRODUCT_BUNDLE_IDENTIFIER = "poletaev.Netology-IB-InstrumentsTests";
				PRODUCT_NAME = "$(TARGET_NAME)";
				SWIFT_EMIT_LOC_STRINGS = NO;
				SWIFT_VERSION = 5.0;
				TARGETED_DEVICE_FAMILY = "1,2";
				TEST_HOST = "$(BUILT_PRODUCTS_DIR)/Netology_IB_Instruments.app/Netology_IB_Instruments";
			};
			name = Debug;
		};
		5C01D0852875A5790031A844 /* Release */ = {
			isa = XCBuildConfiguration;
			buildSettings = {
				ALWAYS_EMBED_SWIFT_STANDARD_LIBRARIES = YES;
				BUNDLE_LOADER = "$(TEST_HOST)";
				CODE_SIGN_STYLE = Automatic;
				CURRENT_PROJECT_VERSION = 1;
				GENERATE_INFOPLIST_FILE = YES;
				IPHONEOS_DEPLOYMENT_TARGET = 15.5;
				MARKETING_VERSION = 1.0;
				PRODUCT_BUNDLE_IDENTIFIER = "poletaev.Netology-IB-InstrumentsTests";
				PRODUCT_NAME = "$(TARGET_NAME)";
				SWIFT_EMIT_LOC_STRINGS = NO;
				SWIFT_VERSION = 5.0;
				TARGETED_DEVICE_FAMILY = "1,2";
				TEST_HOST = "$(BUILT_PRODUCTS_DIR)/Netology_IB_Instruments.app/Netology_IB_Instruments";
			};
			name = Release;
		};
		5C01D0872875A5790031A844 /* Debug */ = {
			isa = XCBuildConfiguration;
			buildSettings = {
				ALWAYS_EMBED_SWIFT_STANDARD_LIBRARIES = YES;
				CODE_SIGN_STYLE = Automatic;
				CURRENT_PROJECT_VERSION = 1;
				GENERATE_INFOPLIST_FILE = YES;
				MARKETING_VERSION = 1.0;
				PRODUCT_BUNDLE_IDENTIFIER = "poletaev.Netology-IB-InstrumentsUITests";
				PRODUCT_NAME = "$(TARGET_NAME)";
				SWIFT_EMIT_LOC_STRINGS = NO;
				SWIFT_VERSION = 5.0;
				TARGETED_DEVICE_FAMILY = "1,2";
				TEST_TARGET_NAME = Netology_IB_Instruments;
			};
			name = Debug;
		};
		5C01D0882875A5790031A844 /* Release */ = {
			isa = XCBuildConfiguration;
			buildSettings = {
				ALWAYS_EMBED_SWIFT_STANDARD_LIBRARIES = YES;
				CODE_SIGN_STYLE = Automatic;
				CURRENT_PROJECT_VERSION = 1;
				GENERATE_INFOPLIST_FILE = YES;
				MARKETING_VERSION = 1.0;
				PRODUCT_BUNDLE_IDENTIFIER = "poletaev.Netology-IB-InstrumentsUITests";
				PRODUCT_NAME = "$(TARGET_NAME)";
				SWIFT_EMIT_LOC_STRINGS = NO;
				SWIFT_VERSION = 5.0;
				TARGETED_DEVICE_FAMILY = "1,2";
				TEST_TARGET_NAME = Netology_IB_Instruments;
			};
			name = Release;
		};
/* End XCBuildConfiguration section */

/* Begin XCConfigurationList section */
		5C01D0512875A5780031A844 /* Build configuration list for PBXProject "Netology_IB_Instruments" */ = {
			isa = XCConfigurationList;
			buildConfigurations = (
				5C01D07E2875A5790031A844 /* Debug */,
				5C01D07F2875A5790031A844 /* Release */,
			);
			defaultConfigurationIsVisible = 0;
			defaultConfigurationName = Release;
		};
		5C01D0802875A5790031A844 /* Build configuration list for PBXNativeTarget "Netology_IB_Instruments" */ = {
			isa = XCConfigurationList;
			buildConfigurations = (
				5C01D0812875A5790031A844 /* Debug */,
				5C01D0822875A5790031A844 /* Release */,
			);
			defaultConfigurationIsVisible = 0;
			defaultConfigurationName = Release;
		};
		5C01D0832875A5790031A844 /* Build configuration list for PBXNativeTarget "Netology_IB_InstrumentsTests" */ = {
			isa = XCConfigurationList;
			buildConfigurations = (
				5C01D0842875A5790031A844 /* Debug */,
				5C01D0852875A5790031A844 /* Release */,
			);
			defaultConfigurationIsVisible = 0;
			defaultConfigurationName = Release;
		};
		5C01D0862875A5790031A844 /* Build configuration list for PBXNativeTarget "Netology_IB_InstrumentsUITests" */ = {
			isa = XCConfigurationList;
			buildConfigurations = (
				5C01D0872875A5790031A844 /* Debug */,
				5C01D0882875A5790031A844 /* Release */,
			);
			defaultConfigurationIsVisible = 0;
			defaultConfigurationName = Release;
		};
/* End XCConfigurationList section */
	};
	rootObject = 5C01D04E2875A5780031A844 /* Project object */;
}
